
Microsoft Visual Studio Solution File, Format Version 12.00
# Visual Studio Version 16
VisualStudioVersion = 16.0.31424.327
MinimumVisualStudioVersion = 10.0.40219.1
Project("{8BC9CEB8-8B4A-11D0-8D11-00A0C91BC942}") = "Raytracer2", "Raytracer2.vcxproj", "{83DB20CC-FBFD-4E1A-80CA-0F1BC4E0536E}"
EndProject
Global
	GlobalSection(SolutionConfigurationPlatforms) = preSolution
		Debug|x64 = Debug|x64
		Debug|x86 = Debug|x86
		Release|x64 = Release|x64
		Release|x86 = Release|x86
	EndGlobalSection
	GlobalSection(ProjectConfigurationPlatforms) = postSolution
		{83DB20CC-FBFD-4E1A-80CA-0F1BC4E0536E}.Debug|x64.ActiveCfg = Debug|x64
		{83DB20CC-FBFD-4E1A-80CA-0F1BC4E0536E}.Debug|x64.Build.0 = Debug|x64
		{83DB20CC-FBFD-4E1A-80CA-0F1BC4E0536E}.Debug|x86.ActiveCfg = Debug|Win32
		{83DB20CC-FBFD-4E1A-80CA-0F1BC4E0536E}.Debug|x86.Build.0 = Debug|Win32
		{83DB20CC-FBFD-4E1A-80CA-0F1BC4E0536E}.Release|x64.ActiveCfg = Release|x64
		{83DB20CC-FBFD-4E1A-80CA-0F1BC4E0536E}.Release|x64.Build.0 = Release|x64
		{83DB20CC-FBFD-4E1A-80CA-0F1BC4E0536E}.Release|x86.ActiveCfg = Release|Win32
		{83DB20CC-FBFD-4E1A-80CA-0F1BC4E0536E}.Release|x86.Build.0 = Release|Win32
	EndGlobalSection
	GlobalSection(SolutionProperties) = preSolution
		HideSolutionNode = FALSE
	EndGlobalSection
	GlobalSection(ExtensibilityGlobals) = postSolution
		SolutionGuid = {A385DC1D-32A7-4E0F-BFC3-8BD8E5E4C2AF}
	EndGlobalSection
EndGlobal
